
Microsoft Visual Studio Solution File, Format Version 12.00
# Visual Studio 2013
VisualStudioVersion = 12.0.30501.0
MinimumVisualStudioVersion = 10.0.40219.1
Project("{FAE04EC0-301F-11D3-BF4B-00C04F79EFBC}") = "SchoolCMS", "SchoolCMS\SchoolCMS.csproj", "{C0162F87-D4B4-4344-B9BA-3DDFE48CE716}"
EndProject
Global
	GlobalSection(SolutionConfigurationPlatforms) = preSolution
		Debug|Any CPU = Debug|Any CPU
		Release|Any CPU = Release|Any CPU
	EndGlobalSection
	GlobalSection(ProjectConfigurationPlatforms) = postSolution
		{C0162F87-D4B4-4344-B9BA-3DDFE48CE716}.Debug|Any CPU.ActiveCfg = Debug|Any CPU
		{C0162F87-D4B4-4344-B9BA-3DDFE48CE716}.Debug|Any CPU.Build.0 = Debug|Any CPU
		{C0162F87-D4B4-4344-B9BA-3DDFE48CE716}.Release|Any CPU.ActiveCfg = Release|Any CPU
		{C0162F87-D4B4-4344-B9BA-3DDFE48CE716}.Release|Any CPU.Build.0 = Release|Any CPU
	EndGlobalSection
	GlobalSection(SolutionProperties) = preSolution
		HideSolutionNode = FALSE
	EndGlobalSection
EndGlobal
